// !$*UTF8*$!
{
	archiveVersion = 1;
	classes = {
	};
	objectVersion = 46;
	objects = {

/* Begin PBXBuildFile section */
		270BA99719FD04970066528B /* README.md in Sources */ = {isa = PBXBuildFile; fileRef = 270BA99619FD04970066528B /* README.md */; };
		270BA9A019FD18CB0066528B /* GLKitPolyfill.m in Sources */ = {isa = PBXBuildFile; fileRef = 270BA99F19FD18CB0066528B /* GLKitPolyfill.m */; };
		278DAE4919FCAEC500EB804B /* AppDelegate.swift in Sources */ = {isa = PBXBuildFile; fileRef = 278DAE4819FCAEC500EB804B /* AppDelegate.swift */; };
		278DAE4E19FCAEC500EB804B /* ViewController.swift in Sources */ = {isa = PBXBuildFile; fileRef = 278DAE4D19FCAEC500EB804B /* ViewController.swift */; };
		278DAE5119FCAEC500EB804B /* Main.storyboard in Resources */ = {isa = PBXBuildFile; fileRef = 278DAE4F19FCAEC500EB804B /* Main.storyboard */; };
		278DAE5319FCAEC500EB804B /* Images.xcassets in Resources */ = {isa = PBXBuildFile; fileRef = 278DAE5219FCAEC500EB804B /* Images.xcassets */; };
		278DAE5619FCAEC500EB804B /* LaunchScreen.xib in Resources */ = {isa = PBXBuildFile; fileRef = 278DAE5419FCAEC500EB804B /* LaunchScreen.xib */; };
		2A23D33F1DA4513C006C1689 /* MyoKit.framework in Frameworks */ = {isa = PBXBuildFile; fileRef = 2A23D33E1DA4513C006C1689 /* MyoKit.framework */; };
		6E14E2081EA88C36001D4852 /* lapIocn.png in Resources */ = {isa = PBXBuildFile; fileRef = 6E14E2071EA88C36001D4852 /* lapIocn.png */; };
		6E14E20C1EA88DEA001D4852 /* comp2.png in Resources */ = {isa = PBXBuildFile; fileRef = 6E14E20B1EA88DEA001D4852 /* comp2.png */; };
		6E14E2141EA8960C001D4852 /* locked.PNG in Resources */ = {isa = PBXBuildFile; fileRef = 6E14E2131EA8960C001D4852 /* locked.PNG */; };
		6E14E2161EA896FE001D4852 /* unlocked.png in Resources */ = {isa = PBXBuildFile; fileRef = 6E14E2151EA896FE001D4852 /* unlocked.png */; };
		6E14E2181EA89B95001D4852 /* greycomp.png in Resources */ = {isa = PBXBuildFile; fileRef = 6E14E2171EA89B95001D4852 /* greycomp.png */; };
		6E14E21A1EA89CDD001D4852 /* bluephone.png in Resources */ = {isa = PBXBuildFile; fileRef = 6E14E2191EA89CDD001D4852 /* bluephone.png */; };
		6E14E21C1EA89DEF001D4852 /* ipho2sol.png in Resources */ = {isa = PBXBuildFile; fileRef = 6E14E21B1EA89DEF001D4852 /* ipho2sol.png */; };
		6E14E21E1EA9581D001D4852 /* fsDark2.png in Resources */ = {isa = PBXBuildFile; fileRef = 6E14E21D1EA9581D001D4852 /* fsDark2.png */; };
		6E346F171EAEB7AF0040A545 /* wmic.png in Resources */ = {isa = PBXBuildFile; fileRef = 6E346F161EAEB7AF0040A545 /* wmic.png */; };
		6E346F191EAFFC190040A545 /* speechSynth.swift in Sources */ = {isa = PBXBuildFile; fileRef = 6E346F181EAFFC190040A545 /* speechSynth.swift */; };
		6E3BAE871EA9CD5300345838 /* notconn.png in Resources */ = {isa = PBXBuildFile; fileRef = 6E3BAE861EA9CD5300345838 /* notconn.png */; };
		6E3BAE891EA9CE6000345838 /* bcomp2.png in Resources */ = {isa = PBXBuildFile; fileRef = 6E3BAE881EA9CE6000345838 /* bcomp2.png */; };
		6E3BAE8B1EAD762300345838 /* bphone.png in Resources */ = {isa = PBXBuildFile; fileRef = 6E3BAE8A1EAD762200345838 /* bphone.png */; };
		6E3BAE8D1EAE987600345838 /* bipho2sol.png in Resources */ = {isa = PBXBuildFile; fileRef = 6E3BAE8C1EAE987600345838 /* bipho2sol.png */; };
		6E3BAE8F1EAEB33D00345838 /* gmic.png in Resources */ = {isa = PBXBuildFile; fileRef = 6E3BAE8E1EAEB33D00345838 /* gmic.png */; };
		6E3BD7A11EA9670C008456D2 /* cog2.png in Resources */ = {isa = PBXBuildFile; fileRef = 6E3BD7A01EA9670C008456D2 /* cog2.png */; };
		6E3BD7A31EA96E99008456D2 /* ipho2solgrey.png in Resources */ = {isa = PBXBuildFile; fileRef = 6E3BD7A21EA96E99008456D2 /* ipho2solgrey.png */; };
		6E3BD7A51EA9711A008456D2 /* wilight.png in Resources */ = {isa = PBXBuildFile; fileRef = 6E3BD7A41EA9711A008456D2 /* wilight.png */; };
		6E3BD7A71EA97123008456D2 /* wolight.png in Resources */ = {isa = PBXBuildFile; fileRef = 6E3BD7A61EA97123008456D2 /* wolight.png */; };
		6E3BD7A91EA97152008456D2 /* fslight.png in Resources */ = {isa = PBXBuildFile; fileRef = 6E3BD7A81EA97152008456D2 /* fslight.png */; };
		6E3BD7AB1EA9715B008456D2 /* flight.png in Resources */ = {isa = PBXBuildFile; fileRef = 6E3BD7AA1EA9715B008456D2 /* flight.png */; };
		6E3BD7AD1EA97164008456D2 /* dtlight.png in Resources */ = {isa = PBXBuildFile; fileRef = 6E3BD7AC1EA97164008456D2 /* dtlight.png */; };
		6E3BD7AF1EA9752D008456D2 /* SpeechT.swift in Sources */ = {isa = PBXBuildFile; fileRef = 6E3BD7AE1EA9752D008456D2 /* SpeechT.swift */; };
		6EC92E0A1EA84C6E00B00701 /* dt.png in Resources */ = {isa = PBXBuildFile; fileRef = 6EC92E031EA84C6E00B00701 /* dt.png */; };
		6EC92E0B1EA84C6E00B00701 /* dtDark.png in Resources */ = {isa = PBXBuildFile; fileRef = 6EC92E041EA84C6E00B00701 /* dtDark.png */; };
		6EC92E0C1EA84C6E00B00701 /* fist.png in Resources */ = {isa = PBXBuildFile; fileRef = 6EC92E051EA84C6E00B00701 /* fist.png */; };
		6EC92E0D1EA84C6E00B00701 /* fDark.png in Resources */ = {isa = PBXBuildFile; fileRef = 6EC92E061EA84C6E00B00701 /* fDark.png */; };
		6EC92E0E1EA84C6E00B00701 /* fs.png in Resources */ = {isa = PBXBuildFile; fileRef = 6EC92E071EA84C6E00B00701 /* fs.png */; };
		6EC92E101EA84C6E00B00701 /* fsDark.png in Resources */ = {isa = PBXBuildFile; fileRef = 6EC92E091EA84C6E00B00701 /* fsDark.png */; };
		6EC92E131EA84D7400B00701 /* wisemiDark.png in Resources */ = {isa = PBXBuildFile; fileRef = 6EC92E111EA84D7400B00701 /* wisemiDark.png */; };
		6EC92E141EA84D7400B00701 /* wosemiDark.png in Resources */ = {isa = PBXBuildFile; fileRef = 6EC92E121EA84D7400B00701 /* wosemiDark.png */; };
		6EC92E171EA84D8200B00701 /* fsemiDark.png in Resources */ = {isa = PBXBuildFile; fileRef = 6EC92E151EA84D8200B00701 /* fsemiDark.png */; };
		6EC92E181EA84D8200B00701 /* fssemiDark.png in Resources */ = {isa = PBXBuildFile; fileRef = 6EC92E161EA84D8200B00701 /* fssemiDark.png */; };
		6EC92E1A1EA85D8A00B00701 /* blankDark.png in Resources */ = {isa = PBXBuildFile; fileRef = 6EC92E191EA85D8A00B00701 /* blankDark.png */; };
/* End PBXBuildFile section */

/* Begin PBXFileReference section */
		270BA99619FD04970066528B /* README.md */ = {isa = PBXFileReference; fileEncoding = 4; lastKnownFileType = net.daringfireball.markdown; path = README.md; sourceTree = "<group>"; };
		270BA99E19FD18CB0066528B /* GLKitPolyfill.h */ = {isa = PBXFileReference; fileEncoding = 4; lastKnownFileType = sourcecode.c.h; name = GLKitPolyfill.h; path = HelloMyoSwift/GLKitPolyfill.h; sourceTree = "<group>"; };
		270BA99F19FD18CB0066528B /* GLKitPolyfill.m */ = {isa = PBXFileReference; fileEncoding = 4; lastKnownFileType = sourcecode.c.objc; name = GLKitPolyfill.m; path = HelloMyoSwift/GLKitPolyfill.m; sourceTree = "<group>"; };
		278DAE4319FCAEC500EB804B /* Myo Command.app */ = {isa = PBXFileReference; explicitFileType = wrapper.application; includeInIndex = 0; path = "Myo Command.app"; sourceTree = BUILT_PRODUCTS_DIR; };
		278DAE4719FCAEC500EB804B /* Info.plist */ = {isa = PBXFileReference; lastKnownFileType = text.plist.xml; path = Info.plist; sourceTree = "<group>"; };
		278DAE4819FCAEC500EB804B /* AppDelegate.swift */ = {isa = PBXFileReference; lastKnownFileType = sourcecode.swift; name = AppDelegate.swift; path = HelloMyoSwift/AppDelegate.swift; sourceTree = "<group>"; };
		278DAE4D19FCAEC500EB804B /* ViewController.swift */ = {isa = PBXFileReference; lastKnownFileType = sourcecode.swift; name = ViewController.swift; path = HelloMyoSwift/ViewController.swift; sourceTree = "<group>"; };
		278DAE5019FCAEC500EB804B /* Base */ = {isa = PBXFileReference; lastKnownFileType = file.storyboard; name = Base; path = Base.lproj/Main.storyboard; sourceTree = "<group>"; };
		278DAE5219FCAEC500EB804B /* Images.xcassets */ = {isa = PBXFileReference; lastKnownFileType = folder.assetcatalog; name = Images.xcassets; path = HelloMyoSwift/Images.xcassets; sourceTree = "<group>"; };
		278DAE5519FCAEC500EB804B /* Base */ = {isa = PBXFileReference; lastKnownFileType = file.xib; name = Base; path = Base.lproj/LaunchScreen.xib; sourceTree = "<group>"; };
		278DAE6C19FCB99900EB804B /* bridge.h */ = {isa = PBXFileReference; lastKnownFileType = sourcecode.c.h; path = bridge.h; sourceTree = "<group>"; };
		2A23D33E1DA4513C006C1689 /* MyoKit.framework */ = {isa = PBXFileReference; lastKnownFileType = wrapper.framework; path = MyoKit.framework; sourceTree = "<group>"; };
		6E14E2071EA88C36001D4852 /* lapIocn.png */ = {isa = PBXFileReference; lastKnownFileType = image.png; path = lapIocn.png; sourceTree = "<group>"; };
		6E14E20B1EA88DEA001D4852 /* comp2.png */ = {isa = PBXFileReference; lastKnownFileType = image.png; path = comp2.png; sourceTree = "<group>"; };
		6E14E2131EA8960C001D4852 /* locked.PNG */ = {isa = PBXFileReference; lastKnownFileType = image.png; path = locked.PNG; sourceTree = "<group>"; };
		6E14E2151EA896FE001D4852 /* unlocked.png */ = {isa = PBXFileReference; lastKnownFileType = image.png; path = unlocked.png; sourceTree = "<group>"; };
		6E14E2171EA89B95001D4852 /* greycomp.png */ = {isa = PBXFileReference; lastKnownFileType = image.png; path = greycomp.png; sourceTree = "<group>"; };
		6E14E2191EA89CDD001D4852 /* bluephone.png */ = {isa = PBXFileReference; lastKnownFileType = image.png; path = bluephone.png; sourceTree = "<group>"; };
		6E14E21B1EA89DEF001D4852 /* ipho2sol.png */ = {isa = PBXFileReference; lastKnownFileType = image.png; path = ipho2sol.png; sourceTree = "<group>"; };
		6E14E21D1EA9581D001D4852 /* fsDark2.png */ = {isa = PBXFileReference; lastKnownFileType = image.png; path = fsDark2.png; sourceTree = "<group>"; };
		6E346F161EAEB7AF0040A545 /* wmic.png */ = {isa = PBXFileReference; lastKnownFileType = image.png; path = wmic.png; sourceTree = "<group>"; };
		6E346F181EAFFC190040A545 /* speechSynth.swift */ = {isa = PBXFileReference; fileEncoding = 4; lastKnownFileType = sourcecode.swift; name = speechSynth.swift; path = MyoKit.framework/speechSynth.swift; sourceTree = "<group>"; };
		6E3BAE861EA9CD5300345838 /* notconn.png */ = {isa = PBXFileReference; lastKnownFileType = image.png; path = notconn.png; sourceTree = "<group>"; };
		6E3BAE881EA9CE6000345838 /* bcomp2.png */ = {isa = PBXFileReference; lastKnownFileType = image.png; path = bcomp2.png; sourceTree = "<group>"; };
		6E3BAE8A1EAD762200345838 /* bphone.png */ = {isa = PBXFileReference; lastKnownFileType = image.png; path = bphone.png; sourceTree = "<group>"; };
		6E3BAE8C1EAE987600345838 /* bipho2sol.png */ = {isa = PBXFileReference; lastKnownFileType = image.png; path = bipho2sol.png; sourceTree = "<group>"; };
		6E3BAE8E1EAEB33D00345838 /* gmic.png */ = {isa = PBXFileReference; lastKnownFileType = image.png; path = gmic.png; sourceTree = "<group>"; };
		6E3BD7A01EA9670C008456D2 /* cog2.png */ = {isa = PBXFileReference; lastKnownFileType = image.png; path = cog2.png; sourceTree = "<group>"; };
		6E3BD7A21EA96E99008456D2 /* ipho2solgrey.png */ = {isa = PBXFileReference; lastKnownFileType = image.png; path = ipho2solgrey.png; sourceTree = "<group>"; };
		6E3BD7A41EA9711A008456D2 /* wilight.png */ = {isa = PBXFileReference; lastKnownFileType = image.png; path = wilight.png; sourceTree = "<group>"; };
		6E3BD7A61EA97123008456D2 /* wolight.png */ = {isa = PBXFileReference; lastKnownFileType = image.png; path = wolight.png; sourceTree = "<group>"; };
		6E3BD7A81EA97152008456D2 /* fslight.png */ = {isa = PBXFileReference; lastKnownFileType = image.png; path = fslight.png; sourceTree = "<group>"; };
		6E3BD7AA1EA9715B008456D2 /* flight.png */ = {isa = PBXFileReference; lastKnownFileType = image.png; path = flight.png; sourceTree = "<group>"; };
		6E3BD7AC1EA97164008456D2 /* dtlight.png */ = {isa = PBXFileReference; lastKnownFileType = image.png; path = dtlight.png; sourceTree = "<group>"; };
		6E3BD7AE1EA9752D008456D2 /* SpeechT.swift */ = {isa = PBXFileReference; fileEncoding = 4; lastKnownFileType = sourcecode.swift; name = SpeechT.swift; path = HelloMyoSwift/SpeechT.swift; sourceTree = "<group>"; };
		6EC92E031EA84C6E00B00701 /* dt.png */ = {isa = PBXFileReference; lastKnownFileType = image.png; path = dt.png; sourceTree = "<group>"; };
		6EC92E041EA84C6E00B00701 /* dtDark.png */ = {isa = PBXFileReference; lastKnownFileType = image.png; path = dtDark.png; sourceTree = "<group>"; };
		6EC92E051EA84C6E00B00701 /* fist.png */ = {isa = PBXFileReference; lastKnownFileType = image.png; path = fist.png; sourceTree = "<group>"; };
		6EC92E061EA84C6E00B00701 /* fDark.png */ = {isa = PBXFileReference; lastKnownFileType = image.png; path = fDark.png; sourceTree = "<group>"; };
		6EC92E071EA84C6E00B00701 /* fs.png */ = {isa = PBXFileReference; lastKnownFileType = image.png; path = fs.png; sourceTree = "<group>"; };
		6EC92E091EA84C6E00B00701 /* fsDark.png */ = {isa = PBXFileReference; lastKnownFileType = image.png; path = fsDark.png; sourceTree = "<group>"; };
		6EC92E111EA84D7400B00701 /* wisemiDark.png */ = {isa = PBXFileReference; lastKnownFileType = image.png; path = wisemiDark.png; sourceTree = "<group>"; };
		6EC92E121EA84D7400B00701 /* wosemiDark.png */ = {isa = PBXFileReference; lastKnownFileType = image.png; path = wosemiDark.png; sourceTree = "<group>"; };
		6EC92E151EA84D8200B00701 /* fsemiDark.png */ = {isa = PBXFileReference; lastKnownFileType = image.png; path = fsemiDark.png; sourceTree = "<group>"; };
		6EC92E161EA84D8200B00701 /* fssemiDark.png */ = {isa = PBXFileReference; lastKnownFileType = image.png; path = fssemiDark.png; sourceTree = "<group>"; };
		6EC92E191EA85D8A00B00701 /* blankDark.png */ = {isa = PBXFileReference; lastKnownFileType = image.png; path = blankDark.png; sourceTree = "<group>"; };
/* End PBXFileReference section */

/* Begin PBXFrameworksBuildPhase section */
		278DAE4019FCAEC500EB804B /* Frameworks */ = {
			isa = PBXFrameworksBuildPhase;
			buildActionMask = 2147483647;
			files = (
				2A23D33F1DA4513C006C1689 /* MyoKit.framework in Frameworks */,
			);
			runOnlyForDeploymentPostprocessing = 0;
		};
/* End PBXFrameworksBuildPhase section */

/* Begin PBXGroup section */
		278DAE3A19FCAEC500EB804B = {
			isa = PBXGroup;
			children = (
				6EC92DF91EA8256200B00701 /* Myo Command */,
				270BA99619FD04970066528B /* README.md */,
				278DAE6C19FCB99900EB804B /* bridge.h */,
				278DAE4419FCAEC500EB804B /* Products */,
				2A23D33E1DA4513C006C1689 /* MyoKit.framework */,
			);
			sourceTree = "<group>";
		};
		278DAE4419FCAEC500EB804B /* Products */ = {
			isa = PBXGroup;
			children = (
				278DAE4319FCAEC500EB804B /* Myo Command.app */,
			);
			name = Products;
			sourceTree = "<group>";
		};
		278DAE4619FCAEC500EB804B /* Supporting Files */ = {
			isa = PBXGroup;
			children = (
				278DAE4719FCAEC500EB804B /* Info.plist */,
			);
			name = "Supporting Files";
			path = HelloMyoSwift;
			sourceTree = "<group>";
		};
		6EC92DF91EA8256200B00701 /* Myo Command */ = {
			isa = PBXGroup;
			children = (
				6EC92DFA1EA848C600B00701 /* images */,
				270BA99E19FD18CB0066528B /* GLKitPolyfill.h */,
				270BA99F19FD18CB0066528B /* GLKitPolyfill.m */,
				278DAE4819FCAEC500EB804B /* AppDelegate.swift */,
				6E3BD7AE1EA9752D008456D2 /* SpeechT.swift */,
				6E346F181EAFFC190040A545 /* speechSynth.swift */,
				278DAE4D19FCAEC500EB804B /* ViewController.swift */,
				278DAE4F19FCAEC500EB804B /* Main.storyboard */,
				278DAE5219FCAEC500EB804B /* Images.xcassets */,
				278DAE5419FCAEC500EB804B /* LaunchScreen.xib */,
				278DAE4619FCAEC500EB804B /* Supporting Files */,
			);
			name = "Myo Command";
			sourceTree = "<group>";
		};
		6EC92DFA1EA848C600B00701 /* images */ = {
			isa = PBXGroup;
			children = (
				6E346F161EAEB7AF0040A545 /* wmic.png */,
				6E3BAE8E1EAEB33D00345838 /* gmic.png */,
				6E3BAE8A1EAD762200345838 /* bphone.png */,
				6E3BAE881EA9CE6000345838 /* bcomp2.png */,
				6E3BD7A81EA97152008456D2 /* fslight.png */,
				6E3BAE8C1EAE987600345838 /* bipho2sol.png */,
				6E3BD7A61EA97123008456D2 /* wolight.png */,
				6E3BD7A41EA9711A008456D2 /* wilight.png */,
				6E14E2191EA89CDD001D4852 /* bluephone.png */,
				6E14E2171EA89B95001D4852 /* greycomp.png */,
				6E3BD7A21EA96E99008456D2 /* ipho2solgrey.png */,
				6E14E21B1EA89DEF001D4852 /* ipho2sol.png */,
				6E3BD7AA1EA9715B008456D2 /* flight.png */,
				6E3BD7A01EA9670C008456D2 /* cog2.png */,
				6E14E2071EA88C36001D4852 /* lapIocn.png */,
				6E14E2151EA896FE001D4852 /* unlocked.png */,
				6E14E2131EA8960C001D4852 /* locked.PNG */,
				6E3BAE861EA9CD5300345838 /* notconn.png */,
				6E3BD7AC1EA97164008456D2 /* dtlight.png */,
				6E14E20B1EA88DEA001D4852 /* comp2.png */,
				6E14E21D1EA9581D001D4852 /* fsDark2.png */,
				6EC92E191EA85D8A00B00701 /* blankDark.png */,
				6EC92E151EA84D8200B00701 /* fsemiDark.png */,
				6EC92E161EA84D8200B00701 /* fssemiDark.png */,
				6EC92E111EA84D7400B00701 /* wisemiDark.png */,
				6EC92E121EA84D7400B00701 /* wosemiDark.png */,
				6EC92E031EA84C6E00B00701 /* dt.png */,
				6EC92E041EA84C6E00B00701 /* dtDark.png */,
				6EC92E051EA84C6E00B00701 /* fist.png */,
				6EC92E061EA84C6E00B00701 /* fDark.png */,
				6EC92E071EA84C6E00B00701 /* fs.png */,
				6EC92E091EA84C6E00B00701 /* fsDark.png */,
			);
			name = images;
			sourceTree = "<group>";
		};
/* End PBXGroup section */

/* Begin PBXNativeTarget section */
		278DAE4219FCAEC500EB804B /* Myo Command */ = {
			isa = PBXNativeTarget;
			buildConfigurationList = 278DAE6519FCAEC500EB804B /* Build configuration list for PBXNativeTarget "Myo Command" */;
			buildPhases = (
				278DAE3F19FCAEC500EB804B /* Sources */,
				278DAE4019FCAEC500EB804B /* Frameworks */,
				278DAE4119FCAEC500EB804B /* Resources */,
			);
			buildRules = (
			);
			dependencies = (
			);
			name = "Myo Command";
			productName = HelloMyoSwift;
			productReference = 278DAE4319FCAEC500EB804B /* Myo Command.app */;
			productType = "com.apple.product-type.application";
		};
/* End PBXNativeTarget section */

/* Begin PBXProject section */
		278DAE3B19FCAEC500EB804B /* Project object */ = {
			isa = PBXProject;
			attributes = {
				LastUpgradeCheck = 0800;
				ORGANIZATIONNAME = "Michael Yagudaev";
				TargetAttributes = {
					278DAE4219FCAEC500EB804B = {
						CreatedOnToolsVersion = 6.1;
						DevelopmentTeam = 78JJZ2XD6A;
						LastSwiftMigration = 0800;
					};
				};
			};
			buildConfigurationList = 278DAE3E19FCAEC500EB804B /* Build configuration list for PBXProject "Myo Command" */;
			compatibilityVersion = "Xcode 3.2";
			developmentRegion = English;
			hasScannedForEncodings = 0;
			knownRegions = (
				en,
				Base,
			);
			mainGroup = 278DAE3A19FCAEC500EB804B;
			productRefGroup = 278DAE4419FCAEC500EB804B /* Products */;
			projectDirPath = "";
			projectRoot = "";
			targets = (
				278DAE4219FCAEC500EB804B /* Myo Command */,
			);
		};
/* End PBXProject section */

/* Begin PBXResourcesBuildPhase section */
		278DAE4119FCAEC500EB804B /* Resources */ = {
			isa = PBXResourcesBuildPhase;
			buildActionMask = 2147483647;
			files = (
				6EC92E1A1EA85D8A00B00701 /* blankDark.png in Resources */,
				6EC92E0D1EA84C6E00B00701 /* fDark.png in Resources */,
				6E3BD7A71EA97123008456D2 /* wolight.png in Resources */,
				6E3BD7A11EA9670C008456D2 /* cog2.png in Resources */,
				6E14E21A1EA89CDD001D4852 /* bluephone.png in Resources */,
				6E14E21E1EA9581D001D4852 /* fsDark2.png in Resources */,
				6E14E21C1EA89DEF001D4852 /* ipho2sol.png in Resources */,
				6EC92E141EA84D7400B00701 /* wosemiDark.png in Resources */,
				6E3BD7A51EA9711A008456D2 /* wilight.png in Resources */,
				6E14E2141EA8960C001D4852 /* locked.PNG in Resources */,
				6E14E20C1EA88DEA001D4852 /* comp2.png in Resources */,
				6E346F171EAEB7AF0040A545 /* wmic.png in Resources */,
				6EC92E171EA84D8200B00701 /* fsemiDark.png in Resources */,
				6EC92E0C1EA84C6E00B00701 /* fist.png in Resources */,
				6EC92E0E1EA84C6E00B00701 /* fs.png in Resources */,
				6EC92E131EA84D7400B00701 /* wisemiDark.png in Resources */,
				6E14E2081EA88C36001D4852 /* lapIocn.png in Resources */,
				6EC92E181EA84D8200B00701 /* fssemiDark.png in Resources */,
				6E14E2161EA896FE001D4852 /* unlocked.png in Resources */,
				6EC92E0B1EA84C6E00B00701 /* dtDark.png in Resources */,
				6E3BD7AB1EA9715B008456D2 /* flight.png in Resources */,
				278DAE5119FCAEC500EB804B /* Main.storyboard in Resources */,
				6E3BD7A31EA96E99008456D2 /* ipho2solgrey.png in Resources */,
				6EC92E101EA84C6E00B00701 /* fsDark.png in Resources */,
				6E3BD7A91EA97152008456D2 /* fslight.png in Resources */,
				6EC92E0A1EA84C6E00B00701 /* dt.png in Resources */,
				6E3BAE8F1EAEB33D00345838 /* gmic.png in Resources */,
				6E3BAE8B1EAD762300345838 /* bphone.png in Resources */,
				6E3BD7AD1EA97164008456D2 /* dtlight.png in Resources */,
				278DAE5619FCAEC500EB804B /* LaunchScreen.xib in Resources */,
				6E3BAE871EA9CD5300345838 /* notconn.png in Resources */,
				278DAE5319FCAEC500EB804B /* Images.xcassets in Resources */,
				6E3BAE8D1EAE987600345838 /* bipho2sol.png in Resources */,
				6E14E2181EA89B95001D4852 /* greycomp.png in Resources */,
				6E3BAE891EA9CE6000345838 /* bcomp2.png in Resources */,
			);
			runOnlyForDeploymentPostprocessing = 0;
		};
/* End PBXResourcesBuildPhase section */

/* Begin PBXSourcesBuildPhase section */
		278DAE3F19FCAEC500EB804B /* Sources */ = {
			isa = PBXSourcesBuildPhase;
			buildActionMask = 2147483647;
			files = (
				6E346F191EAFFC190040A545 /* speechSynth.swift in Sources */,
				278DAE4E19FCAEC500EB804B /* ViewController.swift in Sources */,
				6E3BD7AF1EA9752D008456D2 /* SpeechT.swift in Sources */,
				270BA9A019FD18CB0066528B /* GLKitPolyfill.m in Sources */,
				270BA99719FD04970066528B /* README.md in Sources */,
				278DAE4919FCAEC500EB804B /* AppDelegate.swift in Sources */,
			);
			runOnlyForDeploymentPostprocessing = 0;
		};
/* End PBXSourcesBuildPhase section */

/* Begin PBXVariantGroup section */
		278DAE4F19FCAEC500EB804B /* Main.storyboard */ = {
			isa = PBXVariantGroup;
			children = (
				278DAE5019FCAEC500EB804B /* Base */,
			);
			name = Main.storyboard;
			path = HelloMyoSwift;
			sourceTree = "<group>";
		};
		278DAE5419FCAEC500EB804B /* LaunchScreen.xib */ = {
			isa = PBXVariantGroup;
			children = (
				278DAE5519FCAEC500EB804B /* Base */,
			);
			name = LaunchScreen.xib;
			path = HelloMyoSwift;
			sourceTree = "<group>";
		};
/* End PBXVariantGroup section */

/* Begin XCBuildConfiguration section */
		278DAE6319FCAEC500EB804B /* Debug */ = {
			isa = XCBuildConfiguration;
			buildSettings = {
				ALWAYS_SEARCH_USER_PATHS = NO;
				CLANG_CXX_LANGUAGE_STANDARD = "gnu++0x";
				CLANG_CXX_LIBRARY = "libc++";
				CLANG_ENABLE_MODULES = YES;
				CLANG_ENABLE_OBJC_ARC = YES;
				CLANG_WARN_BOOL_CONVERSION = YES;
				CLANG_WARN_CONSTANT_CONVERSION = YES;
				CLANG_WARN_DIRECT_OBJC_ISA_USAGE = YES_ERROR;
				CLANG_WARN_EMPTY_BODY = YES;
				CLANG_WARN_ENUM_CONVERSION = YES;
				CLANG_WARN_INFINITE_RECURSION = YES;
				CLANG_WARN_INT_CONVERSION = YES;
				CLANG_WARN_OBJC_ROOT_CLASS = YES_ERROR;
				CLANG_WARN_SUSPICIOUS_MOVE = YES;
				CLANG_WARN_UNREACHABLE_CODE = YES;
				CLANG_WARN__DUPLICATE_METHOD_MATCH = YES;
				"CODE_SIGN_IDENTITY[sdk=iphoneos*]" = "iPhone Developer";
				COPY_PHASE_STRIP = NO;
				ENABLE_STRICT_OBJC_MSGSEND = YES;
				ENABLE_TESTABILITY = YES;
				GCC_C_LANGUAGE_STANDARD = gnu99;
				GCC_DYNAMIC_NO_PIC = NO;
				GCC_NO_COMMON_BLOCKS = YES;
				GCC_OPTIMIZATION_LEVEL = 0;
				GCC_PREPROCESSOR_DEFINITIONS = (
					"DEBUG=1",
					"$(inherited)",
				);
				GCC_SYMBOLS_PRIVATE_EXTERN = NO;
				GCC_WARN_64_TO_32_BIT_CONVERSION = YES;
				GCC_WARN_ABOUT_RETURN_TYPE = YES_ERROR;
				GCC_WARN_UNDECLARED_SELECTOR = YES;
				GCC_WARN_UNINITIALIZED_AUTOS = YES_AGGRESSIVE;
				GCC_WARN_UNUSED_FUNCTION = YES;
				GCC_WARN_UNUSED_VARIABLE = YES;
				IPHONEOS_DEPLOYMENT_TARGET = 8.1;
				MTL_ENABLE_DEBUG_INFO = YES;
				ONLY_ACTIVE_ARCH = YES;
				SDKROOT = iphoneos;
				SWIFT_OPTIMIZATION_LEVEL = "-Onone";
				TARGETED_DEVICE_FAMILY = "1,2";
			};
			name = Debug;
		};
		278DAE6419FCAEC500EB804B /* Release */ = {
			isa = XCBuildConfiguration;
			buildSettings = {
				ALWAYS_SEARCH_USER_PATHS = NO;
				CLANG_CXX_LANGUAGE_STANDARD = "gnu++0x";
				CLANG_CXX_LIBRARY = "libc++";
				CLANG_ENABLE_MODULES = YES;
				CLANG_ENABLE_OBJC_ARC = YES;
				CLANG_WARN_BOOL_CONVERSION = YES;
				CLANG_WARN_CONSTANT_CONVERSION = YES;
				CLANG_WARN_DIRECT_OBJC_ISA_USAGE = YES_ERROR;
				CLANG_WARN_EMPTY_BODY = YES;
				CLANG_WARN_ENUM_CONVERSION = YES;
				CLANG_WARN_INFINITE_RECURSION = YES;
				CLANG_WARN_INT_CONVERSION = YES;
				CLANG_WARN_OBJC_ROOT_CLASS = YES_ERROR;
				CLANG_WARN_SUSPICIOUS_MOVE = YES;
				CLANG_WARN_UNREACHABLE_CODE = YES;
				CLANG_WARN__DUPLICATE_METHOD_MATCH = YES;
				"CODE_SIGN_IDENTITY[sdk=iphoneos*]" = "iPhone Developer";
				COPY_PHASE_STRIP = YES;
				ENABLE_NS_ASSERTIONS = NO;
				ENABLE_STRICT_OBJC_MSGSEND = YES;
				GCC_C_LANGUAGE_STANDARD = gnu99;
				GCC_NO_COMMON_BLOCKS = YES;
				GCC_WARN_64_TO_32_BIT_CONVERSION = YES;
				GCC_WARN_ABOUT_RETURN_TYPE = YES_ERROR;
				GCC_WARN_UNDECLARED_SELECTOR = YES;
				GCC_WARN_UNINITIALIZED_AUTOS = YES_AGGRESSIVE;
				GCC_WARN_UNUSED_FUNCTION = YES;
				GCC_WARN_UNUSED_VARIABLE = YES;
				IPHONEOS_DEPLOYMENT_TARGET = 8.1;
				MTL_ENABLE_DEBUG_INFO = NO;
				SDKROOT = iphoneos;
				SWIFT_OPTIMIZATION_LEVEL = "-Owholemodule";
				TARGETED_DEVICE_FAMILY = "1,2";
				VALIDATE_PRODUCT = YES;
			};
			name = Release;
		};
		278DAE6619FCAEC500EB804B /* Debug */ = {
			isa = XCBuildConfiguration;
			buildSettings = {
				ASSETCATALOG_COMPILER_APPICON_NAME = AppIcon;
				ASSETCATALOG_COMPILER_LAUNCHIMAGE_NAME = LaunchImage;
				DEVELOPMENT_TEAM = 78JJZ2XD6A;
				ENABLE_BITCODE = NO;
				FRAMEWORK_SEARCH_PATHS = (
					"$(inherited)",
					"$(PROJECT_DIR)",
				);
				INFOPLIST_FILE = HelloMyoSwift/Info.plist;
				IPHONEOS_DEPLOYMENT_TARGET = 10.2;
				LD_RUNPATH_SEARCH_PATHS = "$(inherited) @executable_path/Frameworks";
				PRODUCT_BUNDLE_IDENTIFIER = com.mt809.MyoCommand;
				PRODUCT_NAME = "$(TARGET_NAME)";
				SWIFT_OBJC_BRIDGING_HEADER = bridge.h;
				SWIFT_VERSION = 3.0;
			};
			name = Debug;
		};
		278DAE6719FCAEC500EB804B /* Release */ = {
			isa = XCBuildConfiguration;
			buildSettings = {
				ASSETCATALOG_COMPILER_APPICON_NAME = AppIcon;
				ASSETCATALOG_COMPILER_LAUNCHIMAGE_NAME = LaunchImage;
				DEVELOPMENT_TEAM = 78JJZ2XD6A;
				ENABLE_BITCODE = NO;
				FRAMEWORK_SEARCH_PATHS = (
					"$(inherited)",
					"$(PROJECT_DIR)",
				);
				INFOPLIST_FILE = HelloMyoSwift/Info.plist;
				IPHONEOS_DEPLOYMENT_TARGET = 10.2;
				LD_RUNPATH_SEARCH_PATHS = "$(inherited) @executable_path/Frameworks";
				PRODUCT_BUNDLE_IDENTIFIER = com.mt809.MyoCommand;
				PRODUCT_NAME = "$(TARGET_NAME)";
				SWIFT_OBJC_BRIDGING_HEADER = bridge.h;
				SWIFT_VERSION = 3.0;
			};
			name = Release;
		};
/* End XCBuildConfiguration section */

/* Begin XCConfigurationList section */
		278DAE3E19FCAEC500EB804B /* Build configuration list for PBXProject "Myo Command" */ = {
			isa = XCConfigurationList;
			buildConfigurations = (
				278DAE6319FCAEC500EB804B /* Debug */,
				278DAE6419FCAEC500EB804B /* Release */,
			);
			defaultConfigurationIsVisible = 0;
			defaultConfigurationName = Release;
		};
		278DAE6519FCAEC500EB804B /* Build configuration list for PBXNativeTarget "Myo Command" */ = {
			isa = XCConfigurationList;
			buildConfigurations = (
				278DAE6619FCAEC500EB804B /* Debug */,
				278DAE6719FCAEC500EB804B /* Release */,
			);
			defaultConfigurationIsVisible = 0;
			defaultConfigurationName = Release;
		};
/* End XCConfigurationList section */
	};
	rootObject = 278DAE3B19FCAEC500EB804B /* Project object */;
}
